PODS:
  - Alamofire (5.6.4)
  - FLEX (5.22.10)
  - NVActivityIndicatorView (5.1.1):
    - NVActivityIndicatorView/Base (= 5.1.1)
  - NVActivityIndicatorView/Base (5.1.1)
  - Swinject (2.8.2)
  - URLNavigator (2.4.1)

DEPENDENCIES:
  - Alamofire (= 5.6.4)
  - FLEX
  - NVActivityIndicatorView (= 5.1.1)
  - Swinject
  - URLNavigator (= 2.4.1)

SPEC REPOS:
  https://github.com/CocoaPods/Specs.git:
    - Alamofire
    - FLEX
    - NVActivityIndicatorView
    - Swinject
    - URLNavigator

SPEC CHECKSUMS:
  Alamofire: 4e95d97098eacb88856099c4fc79b526a299e48c
  FLEX: f21ee4f498eed3f8a1eded66b21939fd3b7a22ce
  NVActivityIndicatorView: 1f6c5687f1171810aa27a3296814dc2d7dec3667
  Swinject: b4a11b31992e8668308dc594ba1cb9b3164a37ab
  URLNavigator: 9e277a422a5c131a3e37970c2558e0e866cc22bd

PODFILE CHECKSUM: 6378ec615f6104b37bd5bead936606ee429818d9

COCOAPODS: 1.11.3
