// !$*UTF8*$!
{
	archiveVersion = 1;
	classes = {
	};
	objectVersion = 55;
	objects = {

/* Begin PBXBuildFile section */
		1A9C903D2BC579E1E47E01BB /* Pods_ComputingForceApp.framework in Frameworks */ = {isa = PBXBuildFile; fileRef = 482C5787E033E7B2B4B042D3 /* Pods_ComputingForceApp.framework */; };
		2110B2C8296D9B9B000B1B1C /* AppContext.swift in Sources */ = {isa = PBXBuildFile; fileRef = 2110B2C7296D9B9B000B1B1C /* AppContext.swift */; };
		2110B2CD296DA186000B1B1C /* BaseTabBarController.swift in Sources */ = {isa = PBXBuildFile; fileRef = 2110B2CB296DA186000B1B1C /* BaseTabBarController.swift */; };
		2110B2D1296DA1C6000B1B1C /* BaseTabBarViewModel.swift in Sources */ = {isa = PBXBuildFile; fileRef = 2110B2D0296DA1C6000B1B1C /* BaseTabBarViewModel.swift */; };
		2110B2D5296DA7D9000B1B1C /* Router.swift in Sources */ = {isa = PBXBuildFile; fileRef = 2110B2D4296DA7D9000B1B1C /* Router.swift */; };
		2110B2DB296DAA1F000B1B1C /* LandingViewController.swift in Sources */ = {isa = PBXBuildFile; fileRef = 2110B2D9296DAA1F000B1B1C /* LandingViewController.swift */; };
		2110B2DC296DAA1F000B1B1C /* LandingViewController.xib in Resources */ = {isa = PBXBuildFile; fileRef = 2110B2DA296DAA1F000B1B1C /* LandingViewController.xib */; };
		2110B2DE296DAA2D000B1B1C /* BaseViewController.swift in Sources */ = {isa = PBXBuildFile; fileRef = 2110B2DD296DAA2D000B1B1C /* BaseViewController.swift */; };
		2110B2E1296DABB6000B1B1C /* BaseViewModel.swift in Sources */ = {isa = PBXBuildFile; fileRef = 2110B2E0296DABB6000B1B1C /* BaseViewModel.swift */; };
		2110B2E3296DABD2000B1B1C /* LandingViewModel.swift in Sources */ = {isa = PBXBuildFile; fileRef = 2110B2E2296DABD2000B1B1C /* LandingViewModel.swift */; };
		2110B2E8297011BB000B1B1C /* LoginViewController.swift in Sources */ = {isa = PBXBuildFile; fileRef = 2110B2E6297011BB000B1B1C /* LoginViewController.swift */; };
		2110B2E9297011BB000B1B1C /* LoginViewController.xib in Resources */ = {isa = PBXBuildFile; fileRef = 2110B2E7297011BB000B1B1C /* LoginViewController.xib */; };
		2110B2EC297011F5000B1B1C /* LoginViewModel.swift in Sources */ = {isa = PBXBuildFile; fileRef = 2110B2EB297011F5000B1B1C /* LoginViewModel.swift */; };
		2110B2FB29704357000B1B1C /* Localization.swift in Sources */ = {isa = PBXBuildFile; fileRef = 2110B2FA29704357000B1B1C /* Localization.swift */; };
		2110B2FF29704939000B1B1C /* Localizable.strings in Resources */ = {isa = PBXBuildFile; fileRef = 2110B30129704939000B1B1C /* Localizable.strings */; };
		2110B30929704C02000B1B1C /* SignUpViewController.swift in Sources */ = {isa = PBXBuildFile; fileRef = 2110B30729704C02000B1B1C /* SignUpViewController.swift */; };
		2110B30A29704C02000B1B1C /* SignUpViewController.xib in Resources */ = {isa = PBXBuildFile; fileRef = 2110B30829704C02000B1B1C /* SignUpViewController.xib */; };
		2110B30C29704C10000B1B1C /* SignUpViewModel.swift in Sources */ = {isa = PBXBuildFile; fileRef = 2110B30B29704C10000B1B1C /* SignUpViewModel.swift */; };
		2110B30E297070AD000B1B1C /* IPAddressTool.swift in Sources */ = {isa = PBXBuildFile; fileRef = 2110B30D297070AD000B1B1C /* IPAddressTool.swift */; };
		2110B31E29718EBC000B1B1C /* LaunchViewModel.swift in Sources */ = {isa = PBXBuildFile; fileRef = 2110B31D29718EBC000B1B1C /* LaunchViewModel.swift */; };
		2110B3262971968E000B1B1C /* LaunchViewController.swift in Sources */ = {isa = PBXBuildFile; fileRef = 2110B3242971968E000B1B1C /* LaunchViewController.swift */; };
		2110B3272971968E000B1B1C /* LaunchViewController.xib in Resources */ = {isa = PBXBuildFile; fileRef = 2110B3252971968E000B1B1C /* LaunchViewController.xib */; };
		2110B32A29719C5B000B1B1C /* Theme.swift in Sources */ = {isa = PBXBuildFile; fileRef = 2110B32929719C5B000B1B1C /* Theme.swift */; };
		211822162965D37300BF8490 /* AppDelegate.swift in Sources */ = {isa = PBXBuildFile; fileRef = 211822152965D37300BF8490 /* AppDelegate.swift */; };
		211822182965D37300BF8490 /* SceneDelegate.swift in Sources */ = {isa = PBXBuildFile; fileRef = 211822172965D37300BF8490 /* SceneDelegate.swift */; };
		2118221F2965D37400BF8490 /* Assets.xcassets in Resources */ = {isa = PBXBuildFile; fileRef = 2118221E2965D37400BF8490 /* Assets.xcassets */; };
		211822222965D37400BF8490 /* LaunchScreen.storyboard in Resources */ = {isa = PBXBuildFile; fileRef = 211822202965D37400BF8490 /* LaunchScreen.storyboard */; };
		214945E72988B7FA005FEB6F /* AuthenticationService.swift in Sources */ = {isa = PBXBuildFile; fileRef = 214945E62988B7FA005FEB6F /* AuthenticationService.swift */; };
		214945EB2988B8DE005FEB6F /* BaseService.swift in Sources */ = {isa = PBXBuildFile; fileRef = 214945EA2988B8DE005FEB6F /* BaseService.swift */; };
		214945EE2988D66B005FEB6F /* Environment.swift in Sources */ = {isa = PBXBuildFile; fileRef = 214945ED2988D66B005FEB6F /* Environment.swift */; };
		214945F12988F75E005FEB6F /* BaseModel.swift in Sources */ = {isa = PBXBuildFile; fileRef = 214945F02988F75E005FEB6F /* BaseModel.swift */; };
		214945F42988F826005FEB6F /* UserModel.swift in Sources */ = {isa = PBXBuildFile; fileRef = 214945F32988F826005FEB6F /* UserModel.swift */; };
		214945F629891C53005FEB6F /* KeychainService.swift in Sources */ = {isa = PBXBuildFile; fileRef = 214945F529891C53005FEB6F /* KeychainService.swift */; };
		214945FD29893EB2005FEB6F /* UIButtonExtension.swift in Sources */ = {isa = PBXBuildFile; fileRef = 214945F929893EB2005FEB6F /* UIButtonExtension.swift */; };
		21494601298943A3005FEB6F /* DependencyInjectionService.swift in Sources */ = {isa = PBXBuildFile; fileRef = 21494600298943A3005FEB6F /* DependencyInjectionService.swift */; };
		2149460429894B5D005FEB6F /* ActivityIndicatorManager.swift in Sources */ = {isa = PBXBuildFile; fileRef = 2149460329894B5D005FEB6F /* ActivityIndicatorManager.swift */; };
		21494607298A88CB005FEB6F /* CredentialService.swift in Sources */ = {isa = PBXBuildFile; fileRef = 21494606298A88CB005FEB6F /* CredentialService.swift */; };
		21E668092965E4900061AE89 /* BaseNavigationController.swift in Sources */ = {isa = PBXBuildFile; fileRef = 21E668082965E4900061AE89 /* BaseNavigationController.swift */; };
		21F8289C2971ABD40094B995 /* UIImageExtension.swift in Sources */ = {isa = PBXBuildFile; fileRef = 21F8289B2971ABD40094B995 /* UIImageExtension.swift */; };
		21F8289F2971ACB00094B995 /* UIColorExtension.swift in Sources */ = {isa = PBXBuildFile; fileRef = 21F8289E2971ACB00094B995 /* UIColorExtension.swift */; };
		21F828A22971B1E50094B995 /* UIViewExtension.swift in Sources */ = {isa = PBXBuildFile; fileRef = 21F828A12971B1E50094B995 /* UIViewExtension.swift */; };
		21F828A72972BAFD0094B995 /* Landing0.gif in Resources */ = {isa = PBXBuildFile; fileRef = 21F828A62972BAFD0094B995 /* Landing0.gif */; };
		21F828B22972DD960094B995 /* CommonTextFieldCell.swift in Sources */ = {isa = PBXBuildFile; fileRef = 21F828B02972DD960094B995 /* CommonTextFieldCell.swift */; };
		21F828B32972DD960094B995 /* CommonTextFieldCell.xib in Resources */ = {isa = PBXBuildFile; fileRef = 21F828B12972DD960094B995 /* CommonTextFieldCell.xib */; };
		21F828B72972E50D0094B995 /* SignUpDataSource.swift in Sources */ = {isa = PBXBuildFile; fileRef = 21F828B62972E50D0094B995 /* SignUpDataSource.swift */; };
		21F828BA2972E90B0094B995 /* CollectionExtension.swift in Sources */ = {isa = PBXBuildFile; fileRef = 21F828B92972E90B0094B995 /* CollectionExtension.swift */; };
/* End PBXBuildFile section */

/* Begin PBXFileReference section */
		2110B2C7296D9B9B000B1B1C /* AppContext.swift */ = {isa = PBXFileReference; lastKnownFileType = sourcecode.swift; path = AppContext.swift; sourceTree = "<group>"; };
		2110B2CB296DA186000B1B1C /* BaseTabBarController.swift */ = {isa = PBXFileReference; lastKnownFileType = sourcecode.swift; path = BaseTabBarController.swift; sourceTree = "<group>"; };
		2110B2D0296DA1C6000B1B1C /* BaseTabBarViewModel.swift */ = {isa = PBXFileReference; lastKnownFileType = sourcecode.swift; path = BaseTabBarViewModel.swift; sourceTree = "<group>"; };
		2110B2D4296DA7D9000B1B1C /* Router.swift */ = {isa = PBXFileReference; lastKnownFileType = sourcecode.swift; path = Router.swift; sourceTree = "<group>"; };
		2110B2D9296DAA1F000B1B1C /* LandingViewController.swift */ = {isa = PBXFileReference; lastKnownFileType = sourcecode.swift; path = LandingViewController.swift; sourceTree = "<group>"; };
		2110B2DA296DAA1F000B1B1C /* LandingViewController.xib */ = {isa = PBXFileReference; lastKnownFileType = file.xib; path = LandingViewController.xib; sourceTree = "<group>"; };
		2110B2DD296DAA2D000B1B1C /* BaseViewController.swift */ = {isa = PBXFileReference; lastKnownFileType = sourcecode.swift; path = BaseViewController.swift; sourceTree = "<group>"; };
		2110B2E0296DABB6000B1B1C /* BaseViewModel.swift */ = {isa = PBXFileReference; lastKnownFileType = sourcecode.swift; path = BaseViewModel.swift; sourceTree = "<group>"; };
		2110B2E2296DABD2000B1B1C /* LandingViewModel.swift */ = {isa = PBXFileReference; lastKnownFileType = sourcecode.swift; path = LandingViewModel.swift; sourceTree = "<group>"; };
		2110B2E6297011BB000B1B1C /* LoginViewController.swift */ = {isa = PBXFileReference; lastKnownFileType = sourcecode.swift; path = LoginViewController.swift; sourceTree = "<group>"; };
		2110B2E7297011BB000B1B1C /* LoginViewController.xib */ = {isa = PBXFileReference; lastKnownFileType = file.xib; path = LoginViewController.xib; sourceTree = "<group>"; };
		2110B2EB297011F5000B1B1C /* LoginViewModel.swift */ = {isa = PBXFileReference; lastKnownFileType = sourcecode.swift; path = LoginViewModel.swift; sourceTree = "<group>"; };
		2110B2FA29704357000B1B1C /* Localization.swift */ = {isa = PBXFileReference; lastKnownFileType = sourcecode.swift; path = Localization.swift; sourceTree = "<group>"; };
		2110B30029704939000B1B1C /* en */ = {isa = PBXFileReference; lastKnownFileType = text.plist.strings; name = en; path = en.lproj/Localizable.strings; sourceTree = "<group>"; };
		2110B3022970496C000B1B1C /* zh-Hans */ = {isa = PBXFileReference; lastKnownFileType = text.plist.strings; name = "zh-Hans"; path = "zh-Hans.lproj/LaunchScreen.strings"; sourceTree = "<group>"; };
		2110B3032970496C000B1B1C /* zh-Hans */ = {isa = PBXFileReference; lastKnownFileType = text.plist.strings; name = "zh-Hans"; path = "zh-Hans.lproj/Localizable.strings"; sourceTree = "<group>"; };
		2110B30729704C02000B1B1C /* SignUpViewController.swift */ = {isa = PBXFileReference; lastKnownFileType = sourcecode.swift; path = SignUpViewController.swift; sourceTree = "<group>"; };
		2110B30829704C02000B1B1C /* SignUpViewController.xib */ = {isa = PBXFileReference; lastKnownFileType = file.xib; path = SignUpViewController.xib; sourceTree = "<group>"; };
		2110B30B29704C10000B1B1C /* SignUpViewModel.swift */ = {isa = PBXFileReference; lastKnownFileType = sourcecode.swift; path = SignUpViewModel.swift; sourceTree = "<group>"; };
		2110B30D297070AD000B1B1C /* IPAddressTool.swift */ = {isa = PBXFileReference; lastKnownFileType = sourcecode.swift; path = IPAddressTool.swift; sourceTree = "<group>"; };
		2110B30F297163CD000B1B1C /* ComputingForceApp.entitlements */ = {isa = PBXFileReference; lastKnownFileType = text.plist.entitlements; path = ComputingForceApp.entitlements; sourceTree = "<group>"; };
		2110B31D29718EBC000B1B1C /* LaunchViewModel.swift */ = {isa = PBXFileReference; lastKnownFileType = sourcecode.swift; path = LaunchViewModel.swift; sourceTree = "<group>"; };
		2110B3242971968E000B1B1C /* LaunchViewController.swift */ = {isa = PBXFileReference; lastKnownFileType = sourcecode.swift; path = LaunchViewController.swift; sourceTree = "<group>"; };
		2110B3252971968E000B1B1C /* LaunchViewController.xib */ = {isa = PBXFileReference; lastKnownFileType = file.xib; path = LaunchViewController.xib; sourceTree = "<group>"; };
		2110B32929719C5B000B1B1C /* Theme.swift */ = {isa = PBXFileReference; lastKnownFileType = sourcecode.swift; path = Theme.swift; sourceTree = "<group>"; };
		211822122965D37300BF8490 /* ComputingForceApp.app */ = {isa = PBXFileReference; explicitFileType = wrapper.application; includeInIndex = 0; path = ComputingForceApp.app; sourceTree = BUILT_PRODUCTS_DIR; };
		211822152965D37300BF8490 /* AppDelegate.swift */ = {isa = PBXFileReference; lastKnownFileType = sourcecode.swift; path = AppDelegate.swift; sourceTree = "<group>"; };
		211822172965D37300BF8490 /* SceneDelegate.swift */ = {isa = PBXFileReference; lastKnownFileType = sourcecode.swift; path = SceneDelegate.swift; sourceTree = "<group>"; };
		2118221E2965D37400BF8490 /* Assets.xcassets */ = {isa = PBXFileReference; lastKnownFileType = folder.assetcatalog; path = Assets.xcassets; sourceTree = "<group>"; };
		211822212965D37400BF8490 /* Base */ = {isa = PBXFileReference; lastKnownFileType = file.storyboard; name = Base; path = Base.lproj/LaunchScreen.storyboard; sourceTree = "<group>"; };
		211822232965D37400BF8490 /* Info.plist */ = {isa = PBXFileReference; lastKnownFileType = text.plist.xml; path = Info.plist; sourceTree = "<group>"; };
		214945E62988B7FA005FEB6F /* AuthenticationService.swift */ = {isa = PBXFileReference; lastKnownFileType = sourcecode.swift; path = AuthenticationService.swift; sourceTree = "<group>"; };
		214945EA2988B8DE005FEB6F /* BaseService.swift */ = {isa = PBXFileReference; lastKnownFileType = sourcecode.swift; path = BaseService.swift; sourceTree = "<group>"; };
		214945ED2988D66B005FEB6F /* Environment.swift */ = {isa = PBXFileReference; lastKnownFileType = sourcecode.swift; path = Environment.swift; sourceTree = "<group>"; };
		214945F02988F75E005FEB6F /* BaseModel.swift */ = {isa = PBXFileReference; lastKnownFileType = sourcecode.swift; path = BaseModel.swift; sourceTree = "<group>"; };
		214945F32988F826005FEB6F /* UserModel.swift */ = {isa = PBXFileReference; lastKnownFileType = sourcecode.swift; path = UserModel.swift; sourceTree = "<group>"; };
		214945F529891C53005FEB6F /* KeychainService.swift */ = {isa = PBXFileReference; lastKnownFileType = sourcecode.swift; path = KeychainService.swift; sourceTree = "<group>"; };
		214945F929893EB2005FEB6F /* UIButtonExtension.swift */ = {isa = PBXFileReference; fileEncoding = 4; lastKnownFileType = sourcecode.swift; path = UIButtonExtension.swift; sourceTree = "<group>"; };
		21494600298943A3005FEB6F /* DependencyInjectionService.swift */ = {isa = PBXFileReference; lastKnownFileType = sourcecode.swift; path = DependencyInjectionService.swift; sourceTree = "<group>"; };
		2149460329894B5D005FEB6F /* ActivityIndicatorManager.swift */ = {isa = PBXFileReference; lastKnownFileType = sourcecode.swift; path = ActivityIndicatorManager.swift; sourceTree = "<group>"; };
		21494606298A88CB005FEB6F /* CredentialService.swift */ = {isa = PBXFileReference; lastKnownFileType = sourcecode.swift; path = CredentialService.swift; sourceTree = "<group>"; };
		21E668082965E4900061AE89 /* BaseNavigationController.swift */ = {isa = PBXFileReference; lastKnownFileType = sourcecode.swift; path = BaseNavigationController.swift; sourceTree = "<group>"; };
		21F8289B2971ABD40094B995 /* UIImageExtension.swift */ = {isa = PBXFileReference; lastKnownFileType = sourcecode.swift; path = UIImageExtension.swift; sourceTree = "<group>"; };
		21F8289E2971ACB00094B995 /* UIColorExtension.swift */ = {isa = PBXFileReference; lastKnownFileType = sourcecode.swift; path = UIColorExtension.swift; sourceTree = "<group>"; };
		21F828A12971B1E50094B995 /* UIViewExtension.swift */ = {isa = PBXFileReference; lastKnownFileType = sourcecode.swift; path = UIViewExtension.swift; sourceTree = "<group>"; };
		21F828A62972BAFD0094B995 /* Landing0.gif */ = {isa = PBXFileReference; lastKnownFileType = image.gif; path = Landing0.gif; sourceTree = "<group>"; };
		21F828B02972DD960094B995 /* CommonTextFieldCell.swift */ = {isa = PBXFileReference; lastKnownFileType = sourcecode.swift; path = CommonTextFieldCell.swift; sourceTree = "<group>"; };
		21F828B12972DD960094B995 /* CommonTextFieldCell.xib */ = {isa = PBXFileReference; lastKnownFileType = file.xib; path = CommonTextFieldCell.xib; sourceTree = "<group>"; };
		21F828B62972E50D0094B995 /* SignUpDataSource.swift */ = {isa = PBXFileReference; lastKnownFileType = sourcecode.swift; path = SignUpDataSource.swift; sourceTree = "<group>"; };
		21F828B92972E90B0094B995 /* CollectionExtension.swift */ = {isa = PBXFileReference; lastKnownFileType = sourcecode.swift; path = CollectionExtension.swift; sourceTree = "<group>"; };
		2AE057A0E7E0C9A008695237 /* Pods-ComputingForceApp.release.xcconfig */ = {isa = PBXFileReference; includeInIndex = 1; lastKnownFileType = text.xcconfig; name = "Pods-ComputingForceApp.release.xcconfig"; path = "Target Support Files/Pods-ComputingForceApp/Pods-ComputingForceApp.release.xcconfig"; sourceTree = "<group>"; };
		482C5787E033E7B2B4B042D3 /* Pods_ComputingForceApp.framework */ = {isa = PBXFileReference; explicitFileType = wrapper.framework; includeInIndex = 0; path = Pods_ComputingForceApp.framework; sourceTree = BUILT_PRODUCTS_DIR; };
		F03147916932DCE5D7AD0A0D /* Pods-ComputingForceApp.debug.xcconfig */ = {isa = PBXFileReference; includeInIndex = 1; lastKnownFileType = text.xcconfig; name = "Pods-ComputingForceApp.debug.xcconfig"; path = "Target Support Files/Pods-ComputingForceApp/Pods-ComputingForceApp.debug.xcconfig"; sourceTree = "<group>"; };
/* End PBXFileReference section */

/* Begin PBXFrameworksBuildPhase section */
		2118220F2965D37300BF8490 /* Frameworks */ = {
			isa = PBXFrameworksBuildPhase;
			buildActionMask = 2147483647;
			files = (
				1A9C903D2BC579E1E47E01BB /* Pods_ComputingForceApp.framework in Frameworks */,
			);
			runOnlyForDeploymentPostprocessing = 0;
		};
/* End PBXFrameworksBuildPhase section */

/* Begin PBXGroup section */
		0D474F277A1F9D5445150151 /* Pods */ = {
			isa = PBXGroup;
			children = (
				F03147916932DCE5D7AD0A0D /* Pods-ComputingForceApp.debug.xcconfig */,
				2AE057A0E7E0C9A008695237 /* Pods-ComputingForceApp.release.xcconfig */,
			);
			path = Pods;
			sourceTree = "<group>";
		};
		2110B2C5296D9B2D000B1B1C /* Module */ = {
			isa = PBXGroup;
			children = (
				2110B31029718C1D000B1B1C /* Launch */,
				F1B42CFE29700FCD00B08A25 /* Authentication */,
			);
			path = Module;
			sourceTree = "<group>";
		};
		2110B2C6296D9B3F000B1B1C /* Context */ = {
			isa = PBXGroup;
			children = (
				2110B2C7296D9B9B000B1B1C /* AppContext.swift */,
			);
			path = Context;
			sourceTree = "<group>";
		};
		2110B2C9296DA143000B1B1C /* Tabbar */ = {
			isa = PBXGroup;
			children = (
				2110B2CF296DA1AD000B1B1C /* ViewModel */,
				2110B2CA296DA158000B1B1C /* Controller */,
			);
			path = Tabbar;
			sourceTree = "<group>";
		};
		2110B2CA296DA158000B1B1C /* Controller */ = {
			isa = PBXGroup;
			children = (
				2110B2CB296DA186000B1B1C /* BaseTabBarController.swift */,
			);
			path = Controller;
			sourceTree = "<group>";
		};
		2110B2CF296DA1AD000B1B1C /* ViewModel */ = {
			isa = PBXGroup;
			children = (
				2110B2D0296DA1C6000B1B1C /* BaseTabBarViewModel.swift */,
			);
			path = ViewModel;
			sourceTree = "<group>";
		};
		2110B2D2296DA776000B1B1C /* ViewController */ = {
			isa = PBXGroup;
			children = (
				2110B2DD296DAA2D000B1B1C /* BaseViewController.swift */,
			);
			path = ViewController;
			sourceTree = "<group>";
		};
		2110B2D3296DA7CD000B1B1C /* Router */ = {
			isa = PBXGroup;
			children = (
				2110B2D4296DA7D9000B1B1C /* Router.swift */,
			);
			path = Router;
			sourceTree = "<group>";
		};
		2110B2D6296DA9E7000B1B1C /* Landing */ = {
			isa = PBXGroup;
			children = (
				2110B2D8296DA9FB000B1B1C /* ViewModel */,
				2110B2D7296DA9F4000B1B1C /* Controller */,
			);
			path = Landing;
			sourceTree = "<group>";
		};
		2110B2D7296DA9F4000B1B1C /* Controller */ = {
			isa = PBXGroup;
			children = (
				2110B2D9296DAA1F000B1B1C /* LandingViewController.swift */,
				2110B2DA296DAA1F000B1B1C /* LandingViewController.xib */,
			);
			path = Controller;
			sourceTree = "<group>";
		};
		2110B2D8296DA9FB000B1B1C /* ViewModel */ = {
			isa = PBXGroup;
			children = (
				2110B2E2296DABD2000B1B1C /* LandingViewModel.swift */,
			);
			path = ViewModel;
			sourceTree = "<group>";
		};
		2110B2DF296DABA6000B1B1C /* VIewModel */ = {
			isa = PBXGroup;
			children = (
				2110B2E0296DABB6000B1B1C /* BaseViewModel.swift */,
			);
			path = VIewModel;
			sourceTree = "<group>";
		};
		2110B2E42970119B000B1B1C /* Login */ = {
			isa = PBXGroup;
			children = (
				214945F22988F805005FEB6F /* Model */,
				2110B2EA297011D3000B1B1C /* ViewModel */,
				2110B2E5297011A7000B1B1C /* Controller */,
			);
			path = Login;
			sourceTree = "<group>";
		};
		2110B2E5297011A7000B1B1C /* Controller */ = {
			isa = PBXGroup;
			children = (
				2110B2E6297011BB000B1B1C /* LoginViewController.swift */,
				2110B2E7297011BB000B1B1C /* LoginViewController.xib */,
			);
			path = Controller;
			sourceTree = "<group>";
		};
		2110B2EA297011D3000B1B1C /* ViewModel */ = {
			isa = PBXGroup;
			children = (
				2110B2EB297011F5000B1B1C /* LoginViewModel.swift */,
			);
			path = ViewModel;
			sourceTree = "<group>";
		};
		2110B2F929704327000B1B1C /* Tools */ = {
			isa = PBXGroup;
			children = (
				2110B2FA29704357000B1B1C /* Localization.swift */,
				2110B30D297070AD000B1B1C /* IPAddressTool.swift */,
			);
			path = Tools;
			sourceTree = "<group>";
		};
		2110B30429704BD6000B1B1C /* SIgnUp */ = {
			isa = PBXGroup;
			children = (
				21F828B52972E4F10094B995 /* DataSource */,
				2110B30629704BED000B1B1C /* Controller */,
				2110B30529704BE6000B1B1C /* ViewModel */,
			);
			path = SIgnUp;
			sourceTree = "<group>";
		};
		2110B30529704BE6000B1B1C /* ViewModel */ = {
			isa = PBXGroup;
			children = (
				2110B30B29704C10000B1B1C /* SignUpViewModel.swift */,
			);
			path = ViewModel;
			sourceTree = "<group>";
		};
		2110B30629704BED000B1B1C /* Controller */ = {
			isa = PBXGroup;
			children = (
				2110B30729704C02000B1B1C /* SignUpViewController.swift */,
				2110B30829704C02000B1B1C /* SignUpViewController.xib */,
			);
			path = Controller;
			sourceTree = "<group>";
		};
		2110B31029718C1D000B1B1C /* Launch */ = {
			isa = PBXGroup;
			children = (
				2110B31229718C37000B1B1C /* Controller */,
				2110B31129718C31000B1B1C /* ViewModel */,
			);
			path = Launch;
			sourceTree = "<group>";
		};
		2110B31129718C31000B1B1C /* ViewModel */ = {
			isa = PBXGroup;
			children = (
				2110B31D29718EBC000B1B1C /* LaunchViewModel.swift */,
			);
			path = ViewModel;
			sourceTree = "<group>";
		};
		2110B31229718C37000B1B1C /* Controller */ = {
			isa = PBXGroup;
			children = (
				2110B3242971968E000B1B1C /* LaunchViewController.swift */,
				2110B3252971968E000B1B1C /* LaunchViewController.xib */,
			);
			path = Controller;
			sourceTree = "<group>";
		};
		2110B32829719C4F000B1B1C /* Theme */ = {
			isa = PBXGroup;
			children = (
				2110B32929719C5B000B1B1C /* Theme.swift */,
			);
			path = Theme;
			sourceTree = "<group>";
		};
		211822092965D37300BF8490 = {
			isa = PBXGroup;
			children = (
				211822142965D37300BF8490 /* ComputingForceApp */,
				211822132965D37300BF8490 /* Products */,
				0D474F277A1F9D5445150151 /* Pods */,
				67CEFC89AEA31B6B99E431A8 /* Frameworks */,
			);
			sourceTree = "<group>";
		};
		211822132965D37300BF8490 /* Products */ = {
			isa = PBXGroup;
			children = (
				211822122965D37300BF8490 /* ComputingForceApp.app */,
			);
			name = Products;
			sourceTree = "<group>";
		};
		211822142965D37300BF8490 /* ComputingForceApp */ = {
			isa = PBXGroup;
			children = (
				2110B30F297163CD000B1B1C /* ComputingForceApp.entitlements */,
				2149460229894B32005FEB6F /* Manager */,
				2110B2F929704327000B1B1C /* Tools */,
				F1C7ABF5296E842D001FB5A1 /* Extension */,
				2110B2C5296D9B2D000B1B1C /* Module */,
				214945E42988B5E6005FEB6F /* Services */,
				21E668062965DDD90061AE89 /* AppDelegate */,
				21E667FD2965D9750061AE89 /* Base */,
				21F828A82972BB140094B995 /* Resources */,
				2118221E2965D37400BF8490 /* Assets.xcassets */,
				211822202965D37400BF8490 /* LaunchScreen.storyboard */,
				211822232965D37400BF8490 /* Info.plist */,
				2110B30129704939000B1B1C /* Localizable.strings */,
			);
			path = ComputingForceApp;
			sourceTree = "<group>";
		};
		214945E32988B5D8005FEB6F /* BaseService */ = {
			isa = PBXGroup;
			children = (
				214945EA2988B8DE005FEB6F /* BaseService.swift */,
				214945F529891C53005FEB6F /* KeychainService.swift */,
				21494600298943A3005FEB6F /* DependencyInjectionService.swift */,
			);
			path = BaseService;
			sourceTree = "<group>";
		};
		214945E42988B5E6005FEB6F /* Services */ = {
			isa = PBXGroup;
			children = (
				21494605298A88A8005FEB6F /* CredentialService */,
				214945E52988B76D005FEB6F /* AuthenticationService */,
			);
			path = Services;
			sourceTree = "<group>";
		};
		214945E52988B76D005FEB6F /* AuthenticationService */ = {
			isa = PBXGroup;
			children = (
				214945E62988B7FA005FEB6F /* AuthenticationService.swift */,
			);
			path = AuthenticationService;
			sourceTree = "<group>";
		};
		214945EC2988D65E005FEB6F /* Environment */ = {
			isa = PBXGroup;
			children = (
				214945ED2988D66B005FEB6F /* Environment.swift */,
			);
			path = Environment;
			sourceTree = "<group>";
		};
		214945EF2988F755005FEB6F /* Model */ = {
			isa = PBXGroup;
			children = (
				214945F02988F75E005FEB6F /* BaseModel.swift */,
			);
			path = Model;
			sourceTree = "<group>";
		};
		214945F22988F805005FEB6F /* Model */ = {
			isa = PBXGroup;
			children = (
				214945F32988F826005FEB6F /* UserModel.swift */,
			);
			path = Model;
			sourceTree = "<group>";
		};
		214945F729893EB2005FEB6F /* UIControl */ = {
			isa = PBXGroup;
			children = (
				214945F829893EB2005FEB6F /* UIButton */,
			);
			path = UIControl;
			sourceTree = "<group>";
		};
		214945F829893EB2005FEB6F /* UIButton */ = {
			isa = PBXGroup;
			children = (
				214945F929893EB2005FEB6F /* UIButtonExtension.swift */,
			);
			path = UIButton;
			sourceTree = "<group>";
		};
		2149460229894B32005FEB6F /* Manager */ = {
			isa = PBXGroup;
			children = (
				2149460329894B5D005FEB6F /* ActivityIndicatorManager.swift */,
			);
			path = Manager;
			sourceTree = "<group>";
		};
		21494605298A88A8005FEB6F /* CredentialService */ = {
			isa = PBXGroup;
			children = (
				21494606298A88CB005FEB6F /* CredentialService.swift */,
			);
			path = CredentialService;
			sourceTree = "<group>";
		};
		21E667FD2965D9750061AE89 /* Base */ = {
			isa = PBXGroup;
			children = (
				214945EF2988F755005FEB6F /* Model */,
				214945EC2988D65E005FEB6F /* Environment */,
				214945E32988B5D8005FEB6F /* BaseService */,
				21F828AE2972DD640094B995 /* View */,
				2110B32829719C4F000B1B1C /* Theme */,
				2110B2DF296DABA6000B1B1C /* VIewModel */,
				2110B2D3296DA7CD000B1B1C /* Router */,
				2110B2D2296DA776000B1B1C /* ViewController */,
				21E668072965E4600061AE89 /* Navigation */,
				2110B2C9296DA143000B1B1C /* Tabbar */,
				2110B2C6296D9B3F000B1B1C /* Context */,
			);
			path = Base;
			sourceTree = "<group>";
		};
		21E668062965DDD90061AE89 /* AppDelegate */ = {
			isa = PBXGroup;
			children = (
				211822172965D37300BF8490 /* SceneDelegate.swift */,
				211822152965D37300BF8490 /* AppDelegate.swift */,
			);
			path = AppDelegate;
			sourceTree = "<group>";
		};
		21E668072965E4600061AE89 /* Navigation */ = {
			isa = PBXGroup;
			children = (
				21E668082965E4900061AE89 /* BaseNavigationController.swift */,
			);
			path = Navigation;
			sourceTree = "<group>";
		};
		21F8289A2971ABC40094B995 /* UIImage */ = {
			isa = PBXGroup;
			children = (
				21F8289B2971ABD40094B995 /* UIImageExtension.swift */,
			);
			path = UIImage;
			sourceTree = "<group>";
		};
		21F8289D2971ACA50094B995 /* UIColor */ = {
			isa = PBXGroup;
			children = (
				21F8289E2971ACB00094B995 /* UIColorExtension.swift */,
			);
			path = UIColor;
			sourceTree = "<group>";
		};
		21F828A02971B1D60094B995 /* UIView */ = {
			isa = PBXGroup;
			children = (
				21F828A12971B1E50094B995 /* UIViewExtension.swift */,
			);
			path = UIView;
			sourceTree = "<group>";
		};
		21F828A82972BB140094B995 /* Resources */ = {
			isa = PBXGroup;
			children = (
				21F828A92972BB220094B995 /* Landing */,
			);
			path = Resources;
			sourceTree = "<group>";
		};
		21F828A92972BB220094B995 /* Landing */ = {
			isa = PBXGroup;
			children = (
				21F828A62972BAFD0094B995 /* Landing0.gif */,
			);
			path = Landing;
			sourceTree = "<group>";
		};
		21F828AE2972DD640094B995 /* View */ = {
			isa = PBXGroup;
			children = (
				21F828AF2972DD6F0094B995 /* Cell */,
			);
			path = View;
			sourceTree = "<group>";
		};
		21F828AF2972DD6F0094B995 /* Cell */ = {
			isa = PBXGroup;
			children = (
				21F828B02972DD960094B995 /* CommonTextFieldCell.swift */,
				21F828B12972DD960094B995 /* CommonTextFieldCell.xib */,
			);
			path = Cell;
			sourceTree = "<group>";
		};
		21F828B52972E4F10094B995 /* DataSource */ = {
			isa = PBXGroup;
			children = (
				21F828B62972E50D0094B995 /* SignUpDataSource.swift */,
			);
			path = DataSource;
			sourceTree = "<group>";
		};
		21F828B82972E8FB0094B995 /* Collection */ = {
			isa = PBXGroup;
			children = (
				21F828B92972E90B0094B995 /* CollectionExtension.swift */,
			);
			path = Collection;
			sourceTree = "<group>";
		};
		67CEFC89AEA31B6B99E431A8 /* Frameworks */ = {
			isa = PBXGroup;
			children = (
				482C5787E033E7B2B4B042D3 /* Pods_ComputingForceApp.framework */,
			);
			name = Frameworks;
			sourceTree = "<group>";
		};
		F1B42CFE29700FCD00B08A25 /* Authentication */ = {
			isa = PBXGroup;
			children = (
				2110B30429704BD6000B1B1C /* SIgnUp */,
				2110B2E42970119B000B1B1C /* Login */,
				2110B2D6296DA9E7000B1B1C /* Landing */,
			);
			path = Authentication;
			sourceTree = "<group>";
		};
		F1C7ABF5296E842D001FB5A1 /* Extension */ = {
			isa = PBXGroup;
			children = (
				214945F729893EB2005FEB6F /* UIControl */,
				21F828B82972E8FB0094B995 /* Collection */,
				21F828A02971B1D60094B995 /* UIView */,
				21F8289D2971ACA50094B995 /* UIColor */,
				21F8289A2971ABC40094B995 /* UIImage */,
			);
			path = Extension;
			sourceTree = "<group>";
		};
/* End PBXGroup section */

/* Begin PBXNativeTarget section */
		211822112965D37300BF8490 /* ComputingForceApp */ = {
			isa = PBXNativeTarget;
			buildConfigurationList = 211822262965D37400BF8490 /* Build configuration list for PBXNativeTarget "ComputingForceApp" */;
			buildPhases = (
				E871E0AC3360359350063AC2 /* [CP] Check Pods Manifest.lock */,
				2118220E2965D37300BF8490 /* Sources */,
				2118220F2965D37300BF8490 /* Frameworks */,
				211822102965D37300BF8490 /* Resources */,
				A7409F7B674E4BADDBECDCA9 /* [CP] Embed Pods Frameworks */,
			);
			buildRules = (
			);
			dependencies = (
			);
			name = ComputingForceApp;
			productName = ComputingForceApp;
			productReference = 211822122965D37300BF8490 /* ComputingForceApp.app */;
			productType = "com.apple.product-type.application";
		};
/* End PBXNativeTarget section */

/* Begin PBXProject section */
		2118220A2965D37300BF8490 /* Project object */ = {
			isa = PBXProject;
			attributes = {
				BuildIndependentTargetsInParallel = 1;
				LastSwiftUpdateCheck = 1420;
				LastUpgradeCheck = 1420;
				TargetAttributes = {
					211822112965D37300BF8490 = {
						CreatedOnToolsVersion = 14.2;
					};
				};
			};
			buildConfigurationList = 2118220D2965D37300BF8490 /* Build configuration list for PBXProject "ComputingForceApp" */;
			compatibilityVersion = "Xcode 13.0";
			developmentRegion = en;
			hasScannedForEncodings = 0;
			knownRegions = (
				en,
				Base,
				"zh-Hans",
			);
			mainGroup = 211822092965D37300BF8490;
			productRefGroup = 211822132965D37300BF8490 /* Products */;
			projectDirPath = "";
			projectRoot = "";
			targets = (
				211822112965D37300BF8490 /* ComputingForceApp */,
			);
		};
/* End PBXProject section */

/* Begin PBXResourcesBuildPhase section */
		211822102965D37300BF8490 /* Resources */ = {
			isa = PBXResourcesBuildPhase;
			buildActionMask = 2147483647;
			files = (
				2110B2FF29704939000B1B1C /* Localizable.strings in Resources */,
				2110B2E9297011BB000B1B1C /* LoginViewController.xib in Resources */,
				2110B2DC296DAA1F000B1B1C /* LandingViewController.xib in Resources */,
				211822222965D37400BF8490 /* LaunchScreen.storyboard in Resources */,
				2110B3272971968E000B1B1C /* LaunchViewController.xib in Resources */,
				21F828A72972BAFD0094B995 /* Landing0.gif in Resources */,
				21F828B32972DD960094B995 /* CommonTextFieldCell.xib in Resources */,
				2110B30A29704C02000B1B1C /* SignUpViewController.xib in Resources */,
				2118221F2965D37400BF8490 /* Assets.xcassets in Resources */,
			);
			runOnlyForDeploymentPostprocessing = 0;
		};
/* End PBXResourcesBuildPhase section */

/* Begin PBXShellScriptBuildPhase section */
		A7409F7B674E4BADDBECDCA9 /* [CP] Embed Pods Frameworks */ = {
			isa = PBXShellScriptBuildPhase;
			buildActionMask = 2147483647;
			files = (
			);
			inputFileListPaths = (
				"${PODS_ROOT}/Target Support Files/Pods-ComputingForceApp/Pods-ComputingForceApp-frameworks-${CONFIGURATION}-input-files.xcfilelist",
			);
			name = "[CP] Embed Pods Frameworks";
			outputFileListPaths = (
				"${PODS_ROOT}/Target Support Files/Pods-ComputingForceApp/Pods-ComputingForceApp-frameworks-${CONFIGURATION}-output-files.xcfilelist",
			);
			runOnlyForDeploymentPostprocessing = 0;
			shellPath = /bin/sh;
			shellScript = "\"${PODS_ROOT}/Target Support Files/Pods-ComputingForceApp/Pods-ComputingForceApp-frameworks.sh\"\n";
			showEnvVarsInLog = 0;
		};
		E871E0AC3360359350063AC2 /* [CP] Check Pods Manifest.lock */ = {
			isa = PBXShellScriptBuildPhase;
			buildActionMask = 2147483647;
			files = (
			);
			inputFileListPaths = (
			);
			inputPaths = (
				"${PODS_PODFILE_DIR_PATH}/Podfile.lock",
				"${PODS_ROOT}/Manifest.lock",
			);
			name = "[CP] Check Pods Manifest.lock";
			outputFileListPaths = (
			);
			outputPaths = (
				"$(DERIVED_FILE_DIR)/Pods-ComputingForceApp-checkManifestLockResult.txt",
			);
			runOnlyForDeploymentPostprocessing = 0;
			shellPath = /bin/sh;
			shellScript = "diff \"${PODS_PODFILE_DIR_PATH}/Podfile.lock\" \"${PODS_ROOT}/Manifest.lock\" > /dev/null\nif [ $? != 0 ] ; then\n    # print error to STDERR\n    echo \"error: The sandbox is not in sync with the Podfile.lock. Run 'pod install' or update your CocoaPods installation.\" >&2\n    exit 1\nfi\n# This output is used by Xcode 'outputs' to avoid re-running this script phase.\necho \"SUCCESS\" > \"${SCRIPT_OUTPUT_FILE_0}\"\n";
			showEnvVarsInLog = 0;
		};
/* End PBXShellScriptBuildPhase section */

/* Begin PBXSourcesBuildPhase section */
		2118220E2965D37300BF8490 /* Sources */ = {
			isa = PBXSourcesBuildPhase;
			buildActionMask = 2147483647;
			files = (
				21494601298943A3005FEB6F /* DependencyInjectionService.swift in Sources */,
				211822162965D37300BF8490 /* AppDelegate.swift in Sources */,
				21494607298A88CB005FEB6F /* CredentialService.swift in Sources */,
				214945EE2988D66B005FEB6F /* Environment.swift in Sources */,
				2110B30C29704C10000B1B1C /* SignUpViewModel.swift in Sources */,
				2110B2E1296DABB6000B1B1C /* BaseViewModel.swift in Sources */,
				21F828BA2972E90B0094B995 /* CollectionExtension.swift in Sources */,
				2110B2C8296D9B9B000B1B1C /* AppContext.swift in Sources */,
				21F8289F2971ACB00094B995 /* UIColorExtension.swift in Sources */,
				2110B2DB296DAA1F000B1B1C /* LandingViewController.swift in Sources */,
				2149460429894B5D005FEB6F /* ActivityIndicatorManager.swift in Sources */,
				214945F42988F826005FEB6F /* UserModel.swift in Sources */,
				21F828A22971B1E50094B995 /* UIViewExtension.swift in Sources */,
				214945E72988B7FA005FEB6F /* AuthenticationService.swift in Sources */,
				2110B2D5296DA7D9000B1B1C /* Router.swift in Sources */,
				2110B32A29719C5B000B1B1C /* Theme.swift in Sources */,
				2110B2CD296DA186000B1B1C /* BaseTabBarController.swift in Sources */,
				2110B31E29718EBC000B1B1C /* LaunchViewModel.swift in Sources */,
				21F828B22972DD960094B995 /* CommonTextFieldCell.swift in Sources */,
				2110B2EC297011F5000B1B1C /* LoginViewModel.swift in Sources */,
				214945F629891C53005FEB6F /* KeychainService.swift in Sources */,
				2110B2E3296DABD2000B1B1C /* LandingViewModel.swift in Sources */,
				2110B3262971968E000B1B1C /* LaunchViewController.swift in Sources */,
				2110B2DE296DAA2D000B1B1C /* BaseViewController.swift in Sources */,
				2110B30929704C02000B1B1C /* SignUpViewController.swift in Sources */,
				21F8289C2971ABD40094B995 /* UIImageExtension.swift in Sources */,
				214945FD29893EB2005FEB6F /* UIButtonExtension.swift in Sources */,
				21E668092965E4900061AE89 /* BaseNavigationController.swift in Sources */,
				214945F12988F75E005FEB6F /* BaseModel.swift in Sources */,
				2110B2FB29704357000B1B1C /* Localization.swift in Sources */,
				211822182965D37300BF8490 /* SceneDelegate.swift in Sources */,
				214945EB2988B8DE005FEB6F /* BaseService.swift in Sources */,
				2110B30E297070AD000B1B1C /* IPAddressTool.swift in Sources */,
				2110B2E8297011BB000B1B1C /* LoginViewController.swift in Sources */,
				21F828B72972E50D0094B995 /* SignUpDataSource.swift in Sources */,
				2110B2D1296DA1C6000B1B1C /* BaseTabBarViewModel.swift in Sources */,
			);
			runOnlyForDeploymentPostprocessing = 0;
		};
/* End PBXSourcesBuildPhase section */

/* Begin PBXVariantGroup section */
		2110B30129704939000B1B1C /* Localizable.strings */ = {
			isa = PBXVariantGroup;
			children = (
				2110B30029704939000B1B1C /* en */,
				2110B3032970496C000B1B1C /* zh-Hans */,
			);
			name = Localizable.strings;
			sourceTree = "<group>";
		};
		211822202965D37400BF8490 /* LaunchScreen.storyboard */ = {
			isa = PBXVariantGroup;
			children = (
				211822212965D37400BF8490 /* Base */,
				2110B3022970496C000B1B1C /* zh-Hans */,
			);
			name = LaunchScreen.storyboard;
			sourceTree = "<group>";
		};
/* End PBXVariantGroup section */

/* Begin XCBuildConfiguration section */
		211822242965D37400BF8490 /* Debug */ = {
			isa = XCBuildConfiguration;
			buildSettings = {
				ALWAYS_SEARCH_USER_PATHS = NO;
				CLANG_ANALYZER_LOCALIZABILITY_NONLOCALIZED = YES;
				CLANG_ANALYZER_NONNULL = YES;
				CLANG_ANALYZER_NUMBER_OBJECT_CONVERSION = YES_AGGRESSIVE;
				CLANG_CXX_LANGUAGE_STANDARD = "gnu++20";
				CLANG_ENABLE_MODULES = YES;
				CLANG_ENABLE_OBJC_ARC = YES;
				CLANG_ENABLE_OBJC_WEAK = YES;
				CLANG_WARN_BLOCK_CAPTURE_AUTORELEASING = YES;
				CLANG_WARN_BOOL_CONVERSION = YES;
				CLANG_WARN_COMMA = YES;
				CLANG_WARN_CONSTANT_CONVERSION = YES;
				CLANG_WARN_DEPRECATED_OBJC_IMPLEMENTATIONS = YES;
				CLANG_WARN_DIRECT_OBJC_ISA_USAGE = YES_ERROR;
				CLANG_WARN_DOCUMENTATION_COMMENTS = YES;
				CLANG_WARN_EMPTY_BODY = YES;
				CLANG_WARN_ENUM_CONVERSION = YES;
				CLANG_WARN_INFINITE_RECURSION = YES;
				CLANG_WARN_INT_CONVERSION = YES;
				CLANG_WARN_NON_LITERAL_NULL_CONVERSION = YES;
				CLANG_WARN_OBJC_IMPLICIT_RETAIN_SELF = YES;
				CLANG_WARN_OBJC_LITERAL_CONVERSION = YES;
				CLANG_WARN_OBJC_ROOT_CLASS = YES_ERROR;
				CLANG_WARN_QUOTED_INCLUDE_IN_FRAMEWORK_HEADER = YES;
				CLANG_WARN_RANGE_LOOP_ANALYSIS = YES;
				CLANG_WARN_STRICT_PROTOTYPES = YES;
				CLANG_WARN_SUSPICIOUS_MOVE = YES;
				CLANG_WARN_UNGUARDED_AVAILABILITY = YES_AGGRESSIVE;
				CLANG_WARN_UNREACHABLE_CODE = YES;
				CLANG_WARN__DUPLICATE_METHOD_MATCH = YES;
				COPY_PHASE_STRIP = NO;
				DEBUG_INFORMATION_FORMAT = dwarf;
				ENABLE_STRICT_OBJC_MSGSEND = YES;
				ENABLE_TESTABILITY = YES;
				GCC_C_LANGUAGE_STANDARD = gnu11;
				GCC_DYNAMIC_NO_PIC = NO;
				GCC_NO_COMMON_BLOCKS = YES;
				GCC_OPTIMIZATION_LEVEL = 0;
				GCC_PREPROCESSOR_DEFINITIONS = (
					"DEBUG=1",
					"$(inherited)",
				);
				GCC_WARN_64_TO_32_BIT_CONVERSION = YES;
				GCC_WARN_ABOUT_RETURN_TYPE = YES_ERROR;
				GCC_WARN_UNDECLARED_SELECTOR = YES;
				GCC_WARN_UNINITIALIZED_AUTOS = YES_AGGRESSIVE;
				GCC_WARN_UNUSED_FUNCTION = YES;
				GCC_WARN_UNUSED_VARIABLE = YES;
				INFOPLIST_KEY_CFBundleDisplayName = "";
				IPHONEOS_DEPLOYMENT_TARGET = 14.0;
				MTL_ENABLE_DEBUG_INFO = INCLUDE_SOURCE;
				MTL_FAST_MATH = YES;
				ONLY_ACTIVE_ARCH = YES;
				SDKROOT = iphoneos;
				SWIFT_ACTIVE_COMPILATION_CONDITIONS = DEBUG;
				SWIFT_OPTIMIZATION_LEVEL = "-Onone";
			};
			name = Debug;
		};
		211822252965D37400BF8490 /* Release */ = {
			isa = XCBuildConfiguration;
			buildSettings = {
				ALWAYS_SEARCH_USER_PATHS = NO;
				CLANG_ANALYZER_LOCALIZABILITY_NONLOCALIZED = YES;
				CLANG_ANALYZER_NONNULL = YES;
				CLANG_ANALYZER_NUMBER_OBJECT_CONVERSION = YES_AGGRESSIVE;
				CLANG_CXX_LANGUAGE_STANDARD = "gnu++20";
				CLANG_ENABLE_MODULES = YES;
				CLANG_ENABLE_OBJC_ARC = YES;
				CLANG_ENABLE_OBJC_WEAK = YES;
				CLANG_WARN_BLOCK_CAPTURE_AUTORELEASING = YES;
				CLANG_WARN_BOOL_CONVERSION = YES;
				CLANG_WARN_COMMA = YES;
				CLANG_WARN_CONSTANT_CONVERSION = YES;
				CLANG_WARN_DEPRECATED_OBJC_IMPLEMENTATIONS = YES;
				CLANG_WARN_DIRECT_OBJC_ISA_USAGE = YES_ERROR;
				CLANG_WARN_DOCUMENTATION_COMMENTS = YES;
				CLANG_WARN_EMPTY_BODY = YES;
				CLANG_WARN_ENUM_CONVERSION = YES;
				CLANG_WARN_INFINITE_RECURSION = YES;
				CLANG_WARN_INT_CONVERSION = YES;
				CLANG_WARN_NON_LITERAL_NULL_CONVERSION = YES;
				CLANG_WARN_OBJC_IMPLICIT_RETAIN_SELF = YES;
				CLANG_WARN_OBJC_LITERAL_CONVERSION = YES;
				CLANG_WARN_OBJC_ROOT_CLASS = YES_ERROR;
				CLANG_WARN_QUOTED_INCLUDE_IN_FRAMEWORK_HEADER = YES;
				CLANG_WARN_RANGE_LOOP_ANALYSIS = YES;
				CLANG_WARN_STRICT_PROTOTYPES = YES;
				CLANG_WARN_SUSPICIOUS_MOVE = YES;
				CLANG_WARN_UNGUARDED_AVAILABILITY = YES_AGGRESSIVE;
				CLANG_WARN_UNREACHABLE_CODE = YES;
				CLANG_WARN__DUPLICATE_METHOD_MATCH = YES;
				COPY_PHASE_STRIP = NO;
				DEBUG_INFORMATION_FORMAT = "dwarf-with-dsym";
				ENABLE_NS_ASSERTIONS = NO;
				ENABLE_STRICT_OBJC_MSGSEND = YES;
				GCC_C_LANGUAGE_STANDARD = gnu11;
				GCC_NO_COMMON_BLOCKS = YES;
				GCC_WARN_64_TO_32_BIT_CONVERSION = YES;
				GCC_WARN_ABOUT_RETURN_TYPE = YES_ERROR;
				GCC_WARN_UNDECLARED_SELECTOR = YES;
				GCC_WARN_UNINITIALIZED_AUTOS = YES_AGGRESSIVE;
				GCC_WARN_UNUSED_FUNCTION = YES;
				GCC_WARN_UNUSED_VARIABLE = YES;
				INFOPLIST_KEY_CFBundleDisplayName = "";
				IPHONEOS_DEPLOYMENT_TARGET = 14.0;
				MTL_ENABLE_DEBUG_INFO = NO;
				MTL_FAST_MATH = YES;
				SDKROOT = iphoneos;
				SWIFT_COMPILATION_MODE = wholemodule;
				SWIFT_OPTIMIZATION_LEVEL = "-O";
				VALIDATE_PRODUCT = YES;
			};
			name = Release;
		};
		211822272965D37400BF8490 /* Debug */ = {
			isa = XCBuildConfiguration;
			baseConfigurationReference = F03147916932DCE5D7AD0A0D /* Pods-ComputingForceApp.debug.xcconfig */;
			buildSettings = {
				ASSETCATALOG_COMPILER_APPICON_NAME = AppIcon;
				ASSETCATALOG_COMPILER_GLOBAL_ACCENT_COLOR_NAME = AccentColor;
				CODE_SIGN_ENTITLEMENTS = ComputingForceApp/ComputingForceApp.entitlements;
				CODE_SIGN_STYLE = Automatic;
				CURRENT_PROJECT_VERSION = 1;
				GENERATE_INFOPLIST_FILE = YES;
				INFOPLIST_FILE = ComputingForceApp/Info.plist;
				INFOPLIST_KEY_CFBundleDisplayName = Power;
				INFOPLIST_KEY_UIApplicationSupportsIndirectInputEvents = YES;
				INFOPLIST_KEY_UILaunchStoryboardName = LaunchScreen;
				INFOPLIST_KEY_UIStatusBarStyle = UIStatusBarStyleDarkContent;
				INFOPLIST_KEY_UISupportedInterfaceOrientations = UIInterfaceOrientationPortrait;
				INFOPLIST_KEY_UISupportedInterfaceOrientations_iPad = "UIInterfaceOrientationLandscapeLeft UIInterfaceOrientationLandscapeRight UIInterfaceOrientationPortrait UIInterfaceOrientationPortraitUpsideDown";
				IPHONEOS_DEPLOYMENT_TARGET = 14.0;
				LD_RUNPATH_SEARCH_PATHS = (
					"$(inherited)",
					"@executable_path/Frameworks",
				);
				MARKETING_VERSION = 1.0;
				PRODUCT_BUNDLE_IDENTIFIER = com.soulja.ComputingForceApp;
				PRODUCT_NAME = "$(TARGET_NAME)";
				SWIFT_EMIT_LOC_STRINGS = YES;
				SWIFT_VERSION = 5.0;
				TARGETED_DEVICE_FAMILY = "1,2";
			};
			name = Debug;
		};
		211822282965D37400BF8490 /* Release */ = {
			isa = XCBuildConfiguration;
			baseConfigurationReference = 2AE057A0E7E0C9A008695237 /* Pods-ComputingForceApp.release.xcconfig */;
			buildSettings = {
				ASSETCATALOG_COMPILER_APPICON_NAME = AppIcon;
				ASSETCATALOG_COMPILER_GLOBAL_ACCENT_COLOR_NAME = AccentColor;
				CODE_SIGN_ENTITLEMENTS = ComputingForceApp/ComputingForceApp.entitlements;
				CODE_SIGN_STYLE = Automatic;
				CURRENT_PROJECT_VERSION = 1;
				GENERATE_INFOPLIST_FILE = YES;
				INFOPLIST_FILE = ComputingForceApp/Info.plist;
				INFOPLIST_KEY_CFBundleDisplayName = Power;
				INFOPLIST_KEY_UIApplicationSupportsIndirectInputEvents = YES;
				INFOPLIST_KEY_UILaunchStoryboardName = LaunchScreen;
				INFOPLIST_KEY_UIStatusBarStyle = UIStatusBarStyleDarkContent;
				INFOPLIST_KEY_UISupportedInterfaceOrientations = UIInterfaceOrientationPortrait;
				INFOPLIST_KEY_UISupportedInterfaceOrientations_iPad = "UIInterfaceOrientationLandscapeLeft UIInterfaceOrientationLandscapeRight UIInterfaceOrientationPortrait UIInterfaceOrientationPortraitUpsideDown";
				IPHONEOS_DEPLOYMENT_TARGET = 14.0;
				LD_RUNPATH_SEARCH_PATHS = (
					"$(inherited)",
					"@executable_path/Frameworks",
				);
				MARKETING_VERSION = 1.0;
				PRODUCT_BUNDLE_IDENTIFIER = com.soulja.ComputingForceApp;
				PRODUCT_NAME = "$(TARGET_NAME)";
				SWIFT_EMIT_LOC_STRINGS = YES;
				SWIFT_VERSION = 5.0;
				TARGETED_DEVICE_FAMILY = "1,2";
			};
			name = Release;
		};
/* End XCBuildConfiguration section */

/* Begin XCConfigurationList section */
		2118220D2965D37300BF8490 /* Build configuration list for PBXProject "ComputingForceApp" */ = {
			isa = XCConfigurationList;
			buildConfigurations = (
				211822242965D37400BF8490 /* Debug */,
				211822252965D37400BF8490 /* Release */,
			);
			defaultConfigurationIsVisible = 0;
			defaultConfigurationName = Release;
		};
		211822262965D37400BF8490 /* Build configuration list for PBXNativeTarget "ComputingForceApp" */ = {
			isa = XCConfigurationList;
			buildConfigurations = (
				211822272965D37400BF8490 /* Debug */,
				211822282965D37400BF8490 /* Release */,
			);
			defaultConfigurationIsVisible = 0;
			defaultConfigurationName = Release;
		};
/* End XCConfigurationList section */
	};
	rootObject = 2118220A2965D37300BF8490 /* Project object */;
}
